
Microsoft Visual Studio Solution File, Format Version 12.00
# Visual Studio Version 17
VisualStudioVersion = 17.4.33205.214
MinimumVisualStudioVersion = 10.0.40219.1
Project("{FAE04EC0-301F-11D3-BF4B-00C04F79EFBC}") = "WindowsFormsApp1", "WindowsFormsApp1\WindowsFormsApp1.csproj", "{1C336ABE-27A6-4868-A5FA-5FA055D8FBCD}"
EndProject
Global
	GlobalSection(SolutionConfigurationPlatforms) = preSolution
		Debug|Any CPU = Debug|Any CPU
		Release|Any CPU = Release|Any CPU
	EndGlobalSection
	GlobalSection(ProjectConfigurationPlatforms) = postSolution
		{1C336ABE-27A6-4868-A5FA-5FA055D8FBCD}.Debug|Any CPU.ActiveCfg = Debug|Any CPU
		{1C336ABE-27A6-4868-A5FA-5FA055D8FBCD}.Debug|Any CPU.Build.0 = Debug|Any CPU
		{1C336ABE-27A6-4868-A5FA-5FA055D8FBCD}.Release|Any CPU.ActiveCfg = Release|Any CPU
		{1C336ABE-27A6-4868-A5FA-5FA055D8FBCD}.Release|Any CPU.Build.0 = Release|Any CPU
	EndGlobalSection
	GlobalSection(SolutionProperties) = preSolution
		HideSolutionNode = FALSE
	EndGlobalSection
	GlobalSection(ExtensibilityGlobals) = postSolution
		SolutionGuid = {2F1022AE-3734-4774-A1A9-4D5322F9DA4F}
	EndGlobalSection
EndGlobal
